
Microsoft Visual Studio Solution File, Format Version 12.00
# Visual Studio Version 16
VisualStudioVersion = 16.0.28803.352
MinimumVisualStudioVersion = 10.0.40219.1
Project("{FAE04EC0-301F-11D3-BF4B-00C04F79EFBC}") = "InjenerCalculator", "InjenerCalculator\InjenerCalculator.csproj", "{D2A62008-942C-469C-9D67-43D923CE3EF6}"
EndProject
Global
	GlobalSection(SolutionConfigurationPlatforms) = preSolution
		Debug|Any CPU = Debug|Any CPU
		Release|Any CPU = Release|Any CPU
	EndGlobalSection
	GlobalSection(ProjectConfigurationPlatforms) = postSolution
		{D2A62008-942C-469C-9D67-43D923CE3EF6}.Debug|Any CPU.ActiveCfg = Debug|Any CPU
		{D2A62008-942C-469C-9D67-43D923CE3EF6}.Debug|Any CPU.Build.0 = Debug|Any CPU
		{D2A62008-942C-469C-9D67-43D923CE3EF6}.Release|Any CPU.ActiveCfg = Release|Any CPU
		{D2A62008-942C-469C-9D67-43D923CE3EF6}.Release|Any CPU.Build.0 = Release|Any CPU
	EndGlobalSection
	GlobalSection(SolutionProperties) = preSolution
		HideSolutionNode = FALSE
	EndGlobalSection
	GlobalSection(ExtensibilityGlobals) = postSolution
		SolutionGuid = {7A46C9B8-EB17-4F6A-8327-EA3EC0F74591}
	EndGlobalSection
EndGlobal
